
Microsoft Visual Studio Solution File, Format Version 12.00
# Visual Studio Version 17
VisualStudioVersion = 17.0.32112.339
MinimumVisualStudioVersion = 10.0.40219.1
Project("{8BC9CEB8-8B4A-11D0-8D11-00A0C91BC942}") = "Holman_ex81", "Holman_ex81\Holman_ex81.vcxproj", "{04AF8681-78D0-4333-B8C7-56E386A1DAAF}"
EndProject
Global
	GlobalSection(SolutionConfigurationPlatforms) = preSolution
		Debug|x64 = Debug|x64
		Debug|x86 = Debug|x86
		Release|x64 = Release|x64
		Release|x86 = Release|x86
	EndGlobalSection
	GlobalSection(ProjectConfigurationPlatforms) = postSolution
		{04AF8681-78D0-4333-B8C7-56E386A1DAAF}.Debug|x64.ActiveCfg = Debug|x64
		{04AF8681-78D0-4333-B8C7-56E386A1DAAF}.Debug|x64.Build.0 = Debug|x64
		{04AF8681-78D0-4333-B8C7-56E386A1DAAF}.Debug|x86.ActiveCfg = Debug|Win32
		{04AF8681-78D0-4333-B8C7-56E386A1DAAF}.Debug|x86.Build.0 = Debug|Win32
		{04AF8681-78D0-4333-B8C7-56E386A1DAAF}.Release|x64.ActiveCfg = Release|x64
		{04AF8681-78D0-4333-B8C7-56E386A1DAAF}.Release|x64.Build.0 = Release|x64
		{04AF8681-78D0-4333-B8C7-56E386A1DAAF}.Release|x86.ActiveCfg = Release|Win32
		{04AF8681-78D0-4333-B8C7-56E386A1DAAF}.Release|x86.Build.0 = Release|Win32
	EndGlobalSection
	GlobalSection(SolutionProperties) = preSolution
		HideSolutionNode = FALSE
	EndGlobalSection
	GlobalSection(ExtensibilityGlobals) = postSolution
		SolutionGuid = {38E0421D-7512-4D96-BF1A-0A1F15A7D4C1}
	EndGlobalSection
EndGlobal
